
Microsoft Visual Studio Solution File, Format Version 12.00
# Visual Studio 15
VisualStudioVersion = 15.0.25920.0
MinimumVisualStudioVersion = 10.0.40219.1
Project("{2150E333-8FDC-42A3-9474-1A3956D46DE8}") = "src", "src", "{EC12ED71-7062-4D56-A6AD-B02F441F4D8A}"
EndProject
Project("{FAE04EC0-301F-11D3-BF4B-00C04F79EFBC}") = "APICoreExample", "src\APICoreExample\APICoreExample.csproj", "{8493EB92-EAE2-45FB-B0E3-53F30D14A014}"
EndProject
Global
	GlobalSection(SolutionConfigurationPlatforms) = preSolution
		Debug|Any CPU = Debug|Any CPU
		Release|Any CPU = Release|Any CPU
	EndGlobalSection
	GlobalSection(ProjectConfigurationPlatforms) = postSolution
		{8493EB92-EAE2-45FB-B0E3-53F30D14A014}.Debug|Any CPU.ActiveCfg = Debug|Any CPU
		{8493EB92-EAE2-45FB-B0E3-53F30D14A014}.Debug|Any CPU.Build.0 = Debug|Any CPU
		{8493EB92-EAE2-45FB-B0E3-53F30D14A014}.Release|Any CPU.ActiveCfg = Release|Any CPU
		{8493EB92-EAE2-45FB-B0E3-53F30D14A014}.Release|Any CPU.Build.0 = Release|Any CPU
	EndGlobalSection
	GlobalSection(SolutionProperties) = preSolution
		HideSolutionNode = FALSE
	EndGlobalSection
	GlobalSection(NestedProjects) = preSolution
		{8493EB92-EAE2-45FB-B0E3-53F30D14A014} = {EC12ED71-7062-4D56-A6AD-B02F441F4D8A}
	EndGlobalSection
EndGlobal
